{
  "name": "motomanager",
  "lockfileVersion": 2,
  "requires": true,
  "packages": {
    "": {
      "name": "motomanager",
      "devDependencies": {
        "@types/big.js": "^6.1.5"
      }
    },
    "node_modules/@types/big.js": {
      "version": "6.1.5",
      "resolved": "https://registry.npmjs.org/@types/big.js/-/big.js-6.1.5.tgz",
      "integrity": "sha512-UiWyJ6TLWoHeHZ8VUyngzCOwJDVxTsPnqfAMR/85X93rkRk5A4T2U42BCx0wCmZdtMHGHN/utJ8ft5xWu0V1bA==",
      "dev": true
    }
  },
  "dependencies": {
    "@types/big.js": {
      "version": "6.1.5",
      "resolved": "https://registry.npmjs.org/@types/big.js/-/big.js-6.1.5.tgz",
      "integrity": "sha512-UiWyJ6TLWoHeHZ8VUyngzCOwJDVxTsPnqfAMR/85X93rkRk5A4T2U42BCx0wCmZdtMHGHN/utJ8ft5xWu0V1bA==",
      "dev": true
    }
  }
}
